
Microsoft Visual Studio Solution File, Format Version 12.00
# Visual Studio Version 16
VisualStudioVersion = 16.0.32126.315
MinimumVisualStudioVersion = 10.0.40219.1
Project("{FAE04EC0-301F-11D3-BF4B-00C04F79EFBC}") = "Soft-Team", "Soft-Team\Soft-Team.csproj", "{77947498-F9EF-4481-9FEB-8CCBC5E17141}"
EndProject
Global
	GlobalSection(SolutionConfigurationPlatforms) = preSolution
		Debug|Any CPU = Debug|Any CPU
		Release|Any CPU = Release|Any CPU
	EndGlobalSection
	GlobalSection(ProjectConfigurationPlatforms) = postSolution
		{77947498-F9EF-4481-9FEB-8CCBC5E17141}.Debug|Any CPU.ActiveCfg = Debug|Any CPU
		{77947498-F9EF-4481-9FEB-8CCBC5E17141}.Debug|Any CPU.Build.0 = Debug|Any CPU
		{77947498-F9EF-4481-9FEB-8CCBC5E17141}.Release|Any CPU.ActiveCfg = Release|Any CPU
		{77947498-F9EF-4481-9FEB-8CCBC5E17141}.Release|Any CPU.Build.0 = Release|Any CPU
	EndGlobalSection
	GlobalSection(SolutionProperties) = preSolution
		HideSolutionNode = FALSE
	EndGlobalSection
	GlobalSection(ExtensibilityGlobals) = postSolution
		SolutionGuid = {43472175-76BD-43FE-AFCA-31F9826C6E65}
	EndGlobalSection
EndGlobal
